Microsoft Visual Studio Solution File, Format Version 12.00
# Visual Studio Version 17
VisualStudioVersion = 17.5.2.0
MinimumVisualStudioVersion = 10.0.40219.1
Project("{FAE04EC0-301F-11D3-BF4B-00C04F79EFBC}") = "Visage.Services.Eventing", "Visage.Services.Eventing\Visage.Services.Eventing.csproj", "{591C6C8A-0EEA-2685-1974-C8BADC603C8C}"
EndProject
Project("{FAE04EC0-301F-11D3-BF4B-00C04F79EFBC}") = "Visage.Services.Registrations", "Visage.Services.Registrations\Visage.Services.Registrations.csproj", "{49578054-7C62-49B9-3D21-83983B6D1C65}"
EndProject
Global
	GlobalSection(SolutionConfigurationPlatforms) = preSolution
		Debug|Any CPU = Debug|Any CPU
		Release|Any CPU = Release|Any CPU
	EndGlobalSection
	GlobalSection(ProjectConfigurationPlatforms) = postSolution
		{591C6C8A-0EEA-2685-1974-C8BADC603C8C}.Debug|Any CPU.ActiveCfg = Debug|Any CPU
		{591C6C8A-0EEA-2685-1974-C8BADC603C8C}.Debug|Any CPU.Build.0 = Debug|Any CPU
		{591C6C8A-0EEA-2685-1974-C8BADC603C8C}.Release|Any CPU.ActiveCfg = Release|Any CPU
		{591C6C8A-0EEA-2685-1974-C8BADC603C8C}.Release|Any CPU.Build.0 = Release|Any CPU
		{49578054-7C62-49B9-3D21-83983B6D1C65}.Debug|Any CPU.ActiveCfg = Debug|Any CPU
		{49578054-7C62-49B9-3D21-83983B6D1C65}.Debug|Any CPU.Build.0 = Debug|Any CPU
		{49578054-7C62-49B9-3D21-83983B6D1C65}.Release|Any CPU.ActiveCfg = Release|Any CPU
		{49578054-7C62-49B9-3D21-83983B6D1C65}.Release|Any CPU.Build.0 = Release|Any CPU
	EndGlobalSection
	GlobalSection(SolutionProperties) = preSolution
		HideSolutionNode = FALSE
	EndGlobalSection
	GlobalSection(ExtensibilityGlobals) = postSolution
		SolutionGuid = {067473B6-6EEA-4143-9F25-E4A973514060}
	EndGlobalSection
EndGlobal
